
Microsoft Visual Studio Solution File, Format Version 12.00
# Visual Studio Version 17
VisualStudioVersion = 17.3.32929.385
MinimumVisualStudioVersion = 10.0.40219.1
Project("{FAE04EC0-301F-11D3-BF4B-00C04F79EFBC}") = "BlogWeb", "BlogWeb\BlogWeb.csproj", "{7C5629E3-2227-4397-B5CC-C229E3E8725E}"
EndProject
Global
	GlobalSection(SolutionConfigurationPlatforms) = preSolution
		Debug|Any CPU = Debug|Any CPU
		Release|Any CPU = Release|Any CPU
	EndGlobalSection
	GlobalSection(ProjectConfigurationPlatforms) = postSolution
		{7C5629E3-2227-4397-B5CC-C229E3E8725E}.Debug|Any CPU.ActiveCfg = Debug|Any CPU
		{7C5629E3-2227-4397-B5CC-C229E3E8725E}.Debug|Any CPU.Build.0 = Debug|Any CPU
		{7C5629E3-2227-4397-B5CC-C229E3E8725E}.Release|Any CPU.ActiveCfg = Release|Any CPU
		{7C5629E3-2227-4397-B5CC-C229E3E8725E}.Release|Any CPU.Build.0 = Release|Any CPU
	EndGlobalSection
	GlobalSection(SolutionProperties) = preSolution
		HideSolutionNode = FALSE
	EndGlobalSection
	GlobalSection(ExtensibilityGlobals) = postSolution
		SolutionGuid = {0728151A-3D91-4394-8AA7-93C3603C3A65}
	EndGlobalSection
EndGlobal
